
Microsoft Visual Studio Solution File, Format Version 12.00
# Visual Studio Version 17
VisualStudioVersion = 17.3.32819.101
MinimumVisualStudioVersion = 10.0.40219.1
Project("{9A19103F-16F7-4668-BE54-9A1E7A4F7556}") = "UCMS-api", "UCMS-api.csproj", "{619C534E-8B4C-485E-AFB3-C10543439F94}"
EndProject
Global
	GlobalSection(SolutionConfigurationPlatforms) = preSolution
		Debug|Any CPU = Debug|Any CPU
		Release|Any CPU = Release|Any CPU
	EndGlobalSection
	GlobalSection(ProjectConfigurationPlatforms) = postSolution
		{619C534E-8B4C-485E-AFB3-C10543439F94}.Debug|Any CPU.ActiveCfg = Debug|Any CPU
		{619C534E-8B4C-485E-AFB3-C10543439F94}.Debug|Any CPU.Build.0 = Debug|Any CPU
		{619C534E-8B4C-485E-AFB3-C10543439F94}.Release|Any CPU.ActiveCfg = Release|Any CPU
		{619C534E-8B4C-485E-AFB3-C10543439F94}.Release|Any CPU.Build.0 = Release|Any CPU
	EndGlobalSection
	GlobalSection(SolutionProperties) = preSolution
		HideSolutionNode = FALSE
	EndGlobalSection
	GlobalSection(ExtensibilityGlobals) = postSolution
		SolutionGuid = {15C69080-1657-4C83-8842-DBF1CED87DA6}
	EndGlobalSection
EndGlobal
